<Solution>
  <Folder Name="/Elementi di soluzione/">
    <File Path="../../../AGENTS.md" />
    <File Path="../../../README.md" />
    <File Path="../../../RELEASING.md" />
    <File Path="Directory.Build.props" />
  </Folder>
  <Folder Name="/Libraries/" />
  <Folder Name="/Libraries/Core/">
    <Project Path="AMDevIT.Analytics.Abstractions/AMDevIT.Analytics.Abstractions.csproj" />
    <Project Path="AMDevIT.Analytics.Core/AMDevIT.Analytics.Core.csproj" />
  </Folder>
  <Folder Name="/Libraries/Extensions/">
    <Project Path="AMDevIT.Analytics.Microsoft.Extensions.Logging/AMDevIT.Analytics.Microsoft.Extensions.Logging.csproj" Id="7d7b0be5-26a2-47ce-986e-a21da404f53a" />
  </Folder>
  <Folder Name="/Libraries/Firebase/">
    <Project Path="AMDevIT.Analytics.Firebase.ManagedDroid/AMDevIT.Analytics.Firebase.ManagedDroid.csproj" Id="e5476dfb-8863-4661-96ec-d2425e8815ce" />
  </Folder>
</Solution>
